PODS:
  - Charts/Core (3.0.1)
  - Charts/Realm (3.0.1):
    - Charts/Core
    - RealmSwift (~> 1.1)
  - Realm (1.1.0):
    - Realm/Headers (= 1.1.0)
  - Realm/Headers (1.1.0)
  - RealmSwift (1.1.0):
    - Realm (= 1.1.0)
  - SwiftKeychainWrapper (3.0.1)

DEPENDENCIES:
  - Charts/Realm
  - SwiftKeychainWrapper

SPEC CHECKSUMS:
  Charts: 0e84f4418e87dad6a9edde221fba37ebb51d3ba7
  Realm: ceecf1a4540c4ce9efe196fe73fa9855bce05bd8
  RealmSwift: 838058b2db95b12cb86bd0cf209df642c33fb60a
  SwiftKeychainWrapper: 38952a3636320ae61bad3513cadd870929de7a4a

PODFILE CHECKSUM: 32d1321ec237ebc154cea21db8ab5b78f625e62c

COCOAPODS: 1.2.0
